<?xml version="1.0" encoding="utf-8"?>
<Project ToolsVersion="4.0" xmlns="http://schemas.microsoft.com/developer/msbuild/2003">
  <ItemGroup>
    <Filter Include="Source Files">
      <UniqueIdentifier>{4FC737F1-C7A5-4376-A066-2A32D752A2FF}</UniqueIdentifier>
      <Extensions>cpp;c;cc;cxx;def;odl;idl;hpj;bat;asm;asmx</Extensions>
    </Filter>
    <Filter Include="Shaders">
      <UniqueIdentifier>{2bebc5e6-6c0a-4c37-b442-b9fb5827a0d4}</UniqueIdentifier>
    </Filter>
    <Filter Include="Headers">
      <UniqueIdentifier>{2f88bd83-5d1a-4e16-a0ac-3d0d235e5ff6}</UniqueIdentifier>
    </Filter>
  </ItemGroup>
  <ItemGroup>
    <None Include="shaders\basic-gl3.vshader">
      <Filter>Shaders</Filter>
    </None>
    <None Include="shaders\diffuse-gl3.fshader">
      <Filter>Shaders</Filter>
    </None>
    <None Include="shaders\solid-gl3.fshader">
      <Filter>Shaders</Filter>
    </None>
    <None Include="shaders\basic-gl2.vshader">
      <Filter>Shaders</Filter>
    </None>
    <None Include="shaders\diffuse-gl2.fshader">
      <Filter>Shaders</Filter>
    </None>
    <None Include="shaders\solid-gl2.fshader">
      <Filter>Shaders</Filter>
    </None>
    <None Include="shaders\normal-gl3.fshader">
      <Filter>Shaders</Filter>
    </None>
    <None Include="shaders\normal-gl3.vshader">
      <Filter>Shaders</Filter>
    </None>
  </ItemGroup>
  <ItemGroup>
    <ClInclude Include="inc\arcball.h">
      <Filter>Headers</Filter>
    </ClInclude>
    <ClInclude Include="inc\asstcommon.h">
      <Filter>Headers</Filter>
    </ClInclude>
    <ClInclude Include="inc\cvec.h">
      <Filter>Headers</Filter>
    </ClInclude>
    <ClInclude Include="inc\drawer.h">
      <Filter>Headers</Filter>
    </ClInclude>
    <ClInclude Include="inc\geometry.h">
      <Filter>Headers</Filter>
    </ClInclude>
    <ClInclude Include="inc\geometrymaker.h">
      <Filter>Headers</Filter>
    </ClInclude>
    <ClInclude Include="inc\glsupport.h">
      <Filter>Headers</Filter>
    </ClInclude>
    <ClInclude Include="inc\material.h">
      <Filter>Headers</Filter>
    </ClInclude>
    <ClInclude Include="inc\matrix4.h">
      <Filter>Headers</Filter>
    </ClInclude>
    <ClInclude Include="inc\mesh.h">
      <Filter>Headers</Filter>
    </ClInclude>
    <ClInclude Include="inc\picker.h">
      <Filter>Headers</Filter>
    </ClInclude>
    <ClInclude Include="inc\ppm.h">
      <Filter>Headers</Filter>
    </ClInclude>
    <ClInclude Include="inc\quat.h">
      <Filter>Headers</Filter>
    </ClInclude>
    <ClInclude Include="inc\renderstates.h">
      <Filter>Headers</Filter>
    </ClInclude>
    <ClInclude Include="inc\rigtform.h">
      <Filter>Headers</Filter>
    </ClInclude>
    <ClInclude Include="inc\scenegraph.h">
      <Filter>Headers</Filter>
    </ClInclude>
    <ClInclude Include="inc\sgutils.h">
      <Filter>Headers</Filter>
    </ClInclude>
    <ClInclude Include="inc\texture.h">
      <Filter>Headers</Filter>
    </ClInclude>
    <ClInclude Include="inc\uniforms.h">
      <Filter>Headers</Filter>
    </ClInclude>
    <ClInclude Include="inc\particle.h">
      <Filter>Headers</Filter>
    </ClInclude>
    <ClInclude Include="inc\lattice.h">
      <Filter>Headers</Filter>
    </ClInclude>
  </ItemGroup>
  <ItemGroup>
    <ClCompile Include="src\geometry.cpp">
      <Filter>Source Files</Filter>
    </ClCompile>
    <ClCompile Include="src\glsupport.cpp">
      <Filter>Source Files</Filter>
    </ClCompile>
    <ClCompile Include="src\main.cpp">
      <Filter>Source Files</Filter>
    </ClCompile>
    <ClCompile Include="src\material.cpp">
      <Filter>Source Files</Filter>
    </ClCompile>
    <ClCompile Include="src\picker.cpp">
      <Filter>Source Files</Filter>
    </ClCompile>
    <ClCompile Include="src\ppm.cpp">
      <Filter>Source Files</Filter>
    </ClCompile>
    <ClCompile Include="src\renderstates.cpp">
      <Filter>Source Files</Filter>
    </ClCompile>
    <ClCompile Include="src\scenegraph.cpp">
      <Filter>Source Files</Filter>
    </ClCompile>
    <ClCompile Include="src\texture.cpp">
      <Filter>Source Files</Filter>
    </ClCompile>
  </ItemGroup>
</Project>